PODS:
  - Alamofire (4.7.3)
  - SWXMLHash (4.7.2)

DEPENDENCIES:
  - Alamofire
  - SWXMLHash

SPEC REPOS:
  https://github.com/cocoapods/specs.git:
    - Alamofire
    - SWXMLHash

SPEC CHECKSUMS:
  Alamofire: c7287b6e5d7da964a70935e5db17046b7fde6568
  SWXMLHash: f0761e5c5d1a49f6553609bd0f5696a61738c5b9

PODFILE CHECKSUM: 86d708f9a12ddd3e058479fe838adceaff0b6cae

COCOAPODS: 1.5.3
